<Solution>
  <Configurations>
    <Platform Name="Any CPU" />
    <Platform Name="x64" />
  </Configurations>
  <Project Path="CapaControlador_CbCampos/CapaControlador_CbCampos.csproj" Id="0558b4a3-5b39-44a4-820e-e3f63dd300fb">
    <Platform Solution="*|x64" Project="x64" />
  </Project>
  <Project Path="CapaModelo_CbCampos/CapaModelo_CbCampos.csproj" Id="1a2f474c-5892-4978-a7df-19b86d066337">
    <Platform Solution="*|x64" Project="x64" />
  </Project>
  <Project Path="CapaVista_CbCampos/CapaVista_CbCampos.csproj" Id="160cc2ed-1f89-4c96-ac8c-7c203d0dd661">
    <Platform Solution="*|x64" Project="x64" />
  </Project>
</Solution>
